
Microsoft Visual Studio Solution File, Format Version 12.00
# Visual Studio Version 17
VisualStudioVersion = 17.0.31903.59
MinimumVisualStudioVersion = 10.0.40219.1
Project("{FAE04EC0-301F-11D3-BF4B-00C04F79EFBC}") = "ExampleProject.Core", "ExampleProject.Core\ExampleProject.Core.csproj", "{6A3B88DE-6682-49FA-9194-03C95CD48EA4}"
EndProject
Global
	GlobalSection(SolutionConfigurationPlatforms) = preSolution
		Debug|Any CPU = Debug|Any CPU
		Release|Any CPU = Release|Any CPU
	EndGlobalSection
	GlobalSection(ProjectConfigurationPlatforms) = postSolution
		{6A3B88DE-6682-49FA-9194-03C95CD48EA4}.Debug|Any CPU.ActiveCfg = Debug|Any CPU
		{6A3B88DE-6682-49FA-9194-03C95CD48EA4}.Debug|Any CPU.Build.0 = Debug|Any CPU
		{6A3B88DE-6682-49FA-9194-03C95CD48EA4}.Release|Any CPU.ActiveCfg = Release|Any CPU
		{6A3B88DE-6682-49FA-9194-03C95CD48EA4}.Release|Any CPU.Build.0 = Release|Any CPU
	EndGlobalSection
	GlobalSection(SolutionProperties) = preSolution
		HideSolutionNode = FALSE
	EndGlobalSection
	GlobalSection(ExtensibilityGlobals) = postSolution
		SolutionGuid = {4F3F572C-366D-4E51-8C4E-1F86D5E9D709}
	EndGlobalSection
EndGlobal
